{
  "name": "kaio-qa-portfolio-playwright-ai-testing",
  "version": "1.0.0",
  "lockfileVersion": 3,
  "requires": true,
  "packages": {
    "": {
      "name": "kaio-qa-portfolio-playwright-ai-testing",
      "version": "1.0.0",
      "license": "MIT",
      "devDependencies": {},
      "engines": {
        "python": ">=3.11.0"
      }
    }
  }
}
